
Microsoft Visual Studio Solution File, Format Version 12.00
# Visual Studio 15
VisualStudioVersion = 15.0.27130.2003
MinimumVisualStudioVersion = 10.0.40219.1
Project("{FAE04EC0-301F-11D3-BF4B-00C04F79EFBC}") = "PushToServer", "PushToServer\PushToServer.csproj", "{98F9AFF8-392D-4780-93D3-1040015865FA}"
EndProject
Global
	GlobalSection(SolutionConfigurationPlatforms) = preSolution
		Debug|Any CPU = Debug|Any CPU
		Release|Any CPU = Release|Any CPU
	EndGlobalSection
	GlobalSection(ProjectConfigurationPlatforms) = postSolution
		{98F9AFF8-392D-4780-93D3-1040015865FA}.Debug|Any CPU.ActiveCfg = Debug|Any CPU
		{98F9AFF8-392D-4780-93D3-1040015865FA}.Debug|Any CPU.Build.0 = Debug|Any CPU
		{98F9AFF8-392D-4780-93D3-1040015865FA}.Release|Any CPU.ActiveCfg = Release|Any CPU
		{98F9AFF8-392D-4780-93D3-1040015865FA}.Release|Any CPU.Build.0 = Release|Any CPU
	EndGlobalSection
	GlobalSection(SolutionProperties) = preSolution
		HideSolutionNode = FALSE
	EndGlobalSection
	GlobalSection(ExtensibilityGlobals) = postSolution
		SolutionGuid = {66A43D4A-9BDD-49E1-A7B0-FBF37549AFA3}
	EndGlobalSection
EndGlobal
